
Microsoft Visual Studio Solution File, Format Version 12.00
# Visual Studio Version 17
VisualStudioVersion = 17.4.33213.308
MinimumVisualStudioVersion = 10.0.40219.1
Project("{2150E333-8FDC-42A3-9474-1A3956D46DE8}") = "Microservices", "Microservices", "{D1B1C15F-3979-4C70-82E4-02AA97BED4B3}"
EndProject
Project("{9A19103F-16F7-4668-BE54-9A1E7A4F7556}") = "CustomerWebAPI", "CustomerWebAPI\CustomerWebAPI.csproj", "{1675CE34-FF35-4443-8708-59060CA2058D}"
EndProject
Project("{E53339B2-1760-4266-BCC7-CA923CBCF16C}") = "docker-compose", "docker-compose.dcproj", "{75A16C0F-8743-454F-A011-7AF95EE59FA0}"
EndProject
Project("{9A19103F-16F7-4668-BE54-9A1E7A4F7556}") = "ProductWebApi", "ProductWebApi\ProductWebApi.csproj", "{E54BA634-0ACD-4923-8C53-49CC1C6C0EE5}"
EndProject
Project("{9A19103F-16F7-4668-BE54-9A1E7A4F7556}") = "OrderWebApi", "OrderWebApi\OrderWebApi.csproj", "{3F497AE7-556A-4B3B-BF55-9A47A1977F7F}"
EndProject
Project("{2150E333-8FDC-42A3-9474-1A3956D46DE8}") = "ApiGateway", "ApiGateway", "{45EF5A8B-0B37-4701-A014-6A67D6FD96B9}"
EndProject
Project("{9A19103F-16F7-4668-BE54-9A1E7A4F7556}") = "ApiGateway", "ApiGateway\ApiGateway.csproj", "{B56D90E4-7132-4F5D-A2E6-B7C61BE593E4}"
EndProject
Project("{9A19103F-16F7-4668-BE54-9A1E7A4F7556}") = "JwtAutenticationManager", "JwtAutenticationManager\JwtAutenticationManager.csproj", "{CF111564-8869-428C-A6A6-3622CEA9EA33}"
EndProject
Project("{9A19103F-16F7-4668-BE54-9A1E7A4F7556}") = "AuthenticationWebApi", "AuthenticationWebApi\AuthenticationWebApi.csproj", "{D784408F-7548-4199-86A5-A53763A563F7}"
EndProject
Global
	GlobalSection(SolutionConfigurationPlatforms) = preSolution
		Debug|Any CPU = Debug|Any CPU
		Release|Any CPU = Release|Any CPU
	EndGlobalSection
	GlobalSection(ProjectConfigurationPlatforms) = postSolution
		{1675CE34-FF35-4443-8708-59060CA2058D}.Debug|Any CPU.ActiveCfg = Debug|Any CPU
		{1675CE34-FF35-4443-8708-59060CA2058D}.Debug|Any CPU.Build.0 = Debug|Any CPU
		{1675CE34-FF35-4443-8708-59060CA2058D}.Release|Any CPU.ActiveCfg = Release|Any CPU
		{1675CE34-FF35-4443-8708-59060CA2058D}.Release|Any CPU.Build.0 = Release|Any CPU
		{75A16C0F-8743-454F-A011-7AF95EE59FA0}.Debug|Any CPU.ActiveCfg = Debug|Any CPU
		{75A16C0F-8743-454F-A011-7AF95EE59FA0}.Debug|Any CPU.Build.0 = Debug|Any CPU
		{75A16C0F-8743-454F-A011-7AF95EE59FA0}.Release|Any CPU.ActiveCfg = Release|Any CPU
		{75A16C0F-8743-454F-A011-7AF95EE59FA0}.Release|Any CPU.Build.0 = Release|Any CPU
		{E54BA634-0ACD-4923-8C53-49CC1C6C0EE5}.Debug|Any CPU.ActiveCfg = Debug|Any CPU
		{E54BA634-0ACD-4923-8C53-49CC1C6C0EE5}.Debug|Any CPU.Build.0 = Debug|Any CPU
		{E54BA634-0ACD-4923-8C53-49CC1C6C0EE5}.Release|Any CPU.ActiveCfg = Release|Any CPU
		{E54BA634-0ACD-4923-8C53-49CC1C6C0EE5}.Release|Any CPU.Build.0 = Release|Any CPU
		{3F497AE7-556A-4B3B-BF55-9A47A1977F7F}.Debug|Any CPU.ActiveCfg = Debug|Any CPU
		{3F497AE7-556A-4B3B-BF55-9A47A1977F7F}.Debug|Any CPU.Build.0 = Debug|Any CPU
		{3F497AE7-556A-4B3B-BF55-9A47A1977F7F}.Release|Any CPU.ActiveCfg = Release|Any CPU
		{3F497AE7-556A-4B3B-BF55-9A47A1977F7F}.Release|Any CPU.Build.0 = Release|Any CPU
		{B56D90E4-7132-4F5D-A2E6-B7C61BE593E4}.Debug|Any CPU.ActiveCfg = Debug|Any CPU
		{B56D90E4-7132-4F5D-A2E6-B7C61BE593E4}.Debug|Any CPU.Build.0 = Debug|Any CPU
		{B56D90E4-7132-4F5D-A2E6-B7C61BE593E4}.Release|Any CPU.ActiveCfg = Release|Any CPU
		{B56D90E4-7132-4F5D-A2E6-B7C61BE593E4}.Release|Any CPU.Build.0 = Release|Any CPU
		{CF111564-8869-428C-A6A6-3622CEA9EA33}.Debug|Any CPU.ActiveCfg = Debug|Any CPU
		{CF111564-8869-428C-A6A6-3622CEA9EA33}.Debug|Any CPU.Build.0 = Debug|Any CPU
		{CF111564-8869-428C-A6A6-3622CEA9EA33}.Release|Any CPU.ActiveCfg = Release|Any CPU
		{CF111564-8869-428C-A6A6-3622CEA9EA33}.Release|Any CPU.Build.0 = Release|Any CPU
		{D784408F-7548-4199-86A5-A53763A563F7}.Debug|Any CPU.ActiveCfg = Debug|Any CPU
		{D784408F-7548-4199-86A5-A53763A563F7}.Debug|Any CPU.Build.0 = Debug|Any CPU
		{D784408F-7548-4199-86A5-A53763A563F7}.Release|Any CPU.ActiveCfg = Release|Any CPU
		{D784408F-7548-4199-86A5-A53763A563F7}.Release|Any CPU.Build.0 = Release|Any CPU
	EndGlobalSection
	GlobalSection(SolutionProperties) = preSolution
		HideSolutionNode = FALSE
	EndGlobalSection
	GlobalSection(NestedProjects) = preSolution
		{1675CE34-FF35-4443-8708-59060CA2058D} = {D1B1C15F-3979-4C70-82E4-02AA97BED4B3}
		{E54BA634-0ACD-4923-8C53-49CC1C6C0EE5} = {D1B1C15F-3979-4C70-82E4-02AA97BED4B3}
		{3F497AE7-556A-4B3B-BF55-9A47A1977F7F} = {D1B1C15F-3979-4C70-82E4-02AA97BED4B3}
		{B56D90E4-7132-4F5D-A2E6-B7C61BE593E4} = {45EF5A8B-0B37-4701-A014-6A67D6FD96B9}
	EndGlobalSection
	GlobalSection(ExtensibilityGlobals) = postSolution
		SolutionGuid = {779A7B4A-E0F4-489A-A2F4-FC2335E1CF55}
	EndGlobalSection
EndGlobal
